// !$*UTF8*$!
{
	archiveVersion = 1;
	classes = {
	};
	objectVersion = 55;
	objects = {

/* Begin PBXBuildFile section */
		21761C9F9BA9FB60F3672954 /* Pods_PryanikyTest.framework in Frameworks */ = {isa = PBXBuildFile; fileRef = A4D521A92FCC1545BAAFB4D5 /* Pods_PryanikyTest.framework */; };
		3210C04128441844004C572F /* PryanikyDetailViewController.swift in Sources */ = {isa = PBXBuildFile; fileRef = 3210C04028441844004C572F /* PryanikyDetailViewController.swift */; };
		32702680283FD9640022807A /* AppDelegate.swift in Sources */ = {isa = PBXBuildFile; fileRef = 3270267F283FD9640022807A /* AppDelegate.swift */; };
		32702682283FD9640022807A /* SceneDelegate.swift in Sources */ = {isa = PBXBuildFile; fileRef = 32702681283FD9640022807A /* SceneDelegate.swift */; };
		32702684283FD9640022807A /* PryanikyViewController.swift in Sources */ = {isa = PBXBuildFile; fileRef = 32702683283FD9640022807A /* PryanikyViewController.swift */; };
		32702689283FD9660022807A /* Assets.xcassets in Resources */ = {isa = PBXBuildFile; fileRef = 32702688283FD9660022807A /* Assets.xcassets */; };
		3270268C283FD9660022807A /* LaunchScreen.storyboard in Resources */ = {isa = PBXBuildFile; fileRef = 3270268A283FD9660022807A /* LaunchScreen.storyboard */; };
		32702697283FE8170022807A /* PryanikyViewModel.swift in Sources */ = {isa = PBXBuildFile; fileRef = 32702696283FE8170022807A /* PryanikyViewModel.swift */; };
		3270269A28411C8A0022807A /* NetworkManager.swift in Sources */ = {isa = PBXBuildFile; fileRef = 3270269928411C8A0022807A /* NetworkManager.swift */; };
		3270269C28411CCC0022807A /* PryanikyModel.swift in Sources */ = {isa = PBXBuildFile; fileRef = 3270269B28411CCC0022807A /* PryanikyModel.swift */; };
		3270269F284136DE0022807A /* ImageViewExtension.swift in Sources */ = {isa = PBXBuildFile; fileRef = 3270269E284136DE0022807A /* ImageViewExtension.swift */; };
		327026A1284137390022807A /* Next.swift in Sources */ = {isa = PBXBuildFile; fileRef = 327026A0284137390022807A /* Next.swift */; };
		327026A62841382A0022807A /* PryanikyCell.swift in Sources */ = {isa = PBXBuildFile; fileRef = 327026A52841382A0022807A /* PryanikyCell.swift */; };
/* End PBXBuildFile section */

/* Begin PBXFileReference section */
		3210C04028441844004C572F /* PryanikyDetailViewController.swift */ = {isa = PBXFileReference; lastKnownFileType = sourcecode.swift; path = PryanikyDetailViewController.swift; sourceTree = "<group>"; };
		3270267C283FD9640022807A /* PryanikyTest.app */ = {isa = PBXFileReference; explicitFileType = wrapper.application; includeInIndex = 0; path = PryanikyTest.app; sourceTree = BUILT_PRODUCTS_DIR; };
		3270267F283FD9640022807A /* AppDelegate.swift */ = {isa = PBXFileReference; lastKnownFileType = sourcecode.swift; path = AppDelegate.swift; sourceTree = "<group>"; };
		32702681283FD9640022807A /* SceneDelegate.swift */ = {isa = PBXFileReference; lastKnownFileType = sourcecode.swift; path = SceneDelegate.swift; sourceTree = "<group>"; };
		32702683283FD9640022807A /* PryanikyViewController.swift */ = {isa = PBXFileReference; lastKnownFileType = sourcecode.swift; path = PryanikyViewController.swift; sourceTree = "<group>"; };
		32702688283FD9660022807A /* Assets.xcassets */ = {isa = PBXFileReference; lastKnownFileType = folder.assetcatalog; path = Assets.xcassets; sourceTree = "<group>"; };
		3270268B283FD9660022807A /* Base */ = {isa = PBXFileReference; lastKnownFileType = file.storyboard; name = Base; path = Base.lproj/LaunchScreen.storyboard; sourceTree = "<group>"; };
		3270268D283FD9660022807A /* Info.plist */ = {isa = PBXFileReference; lastKnownFileType = text.plist.xml; path = Info.plist; sourceTree = "<group>"; };
		32702696283FE8170022807A /* PryanikyViewModel.swift */ = {isa = PBXFileReference; lastKnownFileType = sourcecode.swift; path = PryanikyViewModel.swift; sourceTree = "<group>"; };
		3270269928411C8A0022807A /* NetworkManager.swift */ = {isa = PBXFileReference; lastKnownFileType = sourcecode.swift; path = NetworkManager.swift; sourceTree = "<group>"; };
		3270269B28411CCC0022807A /* PryanikyModel.swift */ = {isa = PBXFileReference; lastKnownFileType = sourcecode.swift; path = PryanikyModel.swift; sourceTree = "<group>"; };
		3270269E284136DE0022807A /* ImageViewExtension.swift */ = {isa = PBXFileReference; lastKnownFileType = sourcecode.swift; path = ImageViewExtension.swift; sourceTree = "<group>"; };
		327026A0284137390022807A /* Next.swift */ = {isa = PBXFileReference; lastKnownFileType = sourcecode.swift; path = Next.swift; sourceTree = "<group>"; };
		327026A52841382A0022807A /* PryanikyCell.swift */ = {isa = PBXFileReference; lastKnownFileType = sourcecode.swift; path = PryanikyCell.swift; sourceTree = "<group>"; };
		A20D180448955B8EF96AE620 /* Pods-PryanikyTest.release.xcconfig */ = {isa = PBXFileReference; includeInIndex = 1; lastKnownFileType = text.xcconfig; name = "Pods-PryanikyTest.release.xcconfig"; path = "Target Support Files/Pods-PryanikyTest/Pods-PryanikyTest.release.xcconfig"; sourceTree = "<group>"; };
		A4D521A92FCC1545BAAFB4D5 /* Pods_PryanikyTest.framework */ = {isa = PBXFileReference; explicitFileType = wrapper.framework; includeInIndex = 0; path = Pods_PryanikyTest.framework; sourceTree = BUILT_PRODUCTS_DIR; };
		E6D0CF6CCDE1EE21ACA9C162 /* Pods-PryanikyTest.debug.xcconfig */ = {isa = PBXFileReference; includeInIndex = 1; lastKnownFileType = text.xcconfig; name = "Pods-PryanikyTest.debug.xcconfig"; path = "Target Support Files/Pods-PryanikyTest/Pods-PryanikyTest.debug.xcconfig"; sourceTree = "<group>"; };
/* End PBXFileReference section */

/* Begin PBXFrameworksBuildPhase section */
		32702679283FD9640022807A /* Frameworks */ = {
			isa = PBXFrameworksBuildPhase;
			buildActionMask = 2147483647;
			files = (
				21761C9F9BA9FB60F3672954 /* Pods_PryanikyTest.framework in Frameworks */,
			);
			runOnlyForDeploymentPostprocessing = 0;
		};
/* End PBXFrameworksBuildPhase section */

/* Begin PBXGroup section */
		26EE7327785AB93939342DB2 /* Frameworks */ = {
			isa = PBXGroup;
			children = (
				A4D521A92FCC1545BAAFB4D5 /* Pods_PryanikyTest.framework */,
			);
			name = Frameworks;
			sourceTree = "<group>";
		};
		3210C04228441BF3004C572F /* Resources */ = {
			isa = PBXGroup;
			children = (
				32702688283FD9660022807A /* Assets.xcassets */,
				3270268D283FD9660022807A /* Info.plist */,
				3270268A283FD9660022807A /* LaunchScreen.storyboard */,
			);
			path = Resources;
			sourceTree = "<group>";
		};
		32702673283FD9640022807A = {
			isa = PBXGroup;
			children = (
				3270267E283FD9640022807A /* PryanikyTest */,
				3270267D283FD9640022807A /* Products */,
				668B6D753DECCB638552C799 /* Pods */,
				26EE7327785AB93939342DB2 /* Frameworks */,
			);
			sourceTree = "<group>";
		};
		3270267D283FD9640022807A /* Products */ = {
			isa = PBXGroup;
			children = (
				3270267C283FD9640022807A /* PryanikyTest.app */,
			);
			name = Products;
			sourceTree = "<group>";
		};
		3270267E283FD9640022807A /* PryanikyTest */ = {
			isa = PBXGroup;
			children = (
				32702693283FE4630022807A /* App */,
				3270269D284136BC0022807A /* Extensions */,
				327026A2284137F40022807A /* MainModule */,
				3270269828411C730022807A /* Manager */,
				32702694283FE7F30022807A /* Model */,
				3210C04228441BF3004C572F /* Resources */,
			);
			path = PryanikyTest;
			sourceTree = "<group>";
		};
		32702693283FE4630022807A /* App */ = {
			isa = PBXGroup;
			children = (
				3270267F283FD9640022807A /* AppDelegate.swift */,
				32702681283FD9640022807A /* SceneDelegate.swift */,
			);
			path = App;
			sourceTree = "<group>";
		};
		32702694283FE7F30022807A /* Model */ = {
			isa = PBXGroup;
			children = (
				3270269B28411CCC0022807A /* PryanikyModel.swift */,
			);
			path = Model;
			sourceTree = "<group>";
		};
		32702695283FE7FB0022807A /* ViewModel */ = {
			isa = PBXGroup;
			children = (
				32702696283FE8170022807A /* PryanikyViewModel.swift */,
			);
			path = ViewModel;
			sourceTree = "<group>";
		};
		3270269828411C730022807A /* Manager */ = {
			isa = PBXGroup;
			children = (
				3270269928411C8A0022807A /* NetworkManager.swift */,
			);
			path = Manager;
			sourceTree = "<group>";
		};
		3270269D284136BC0022807A /* Extensions */ = {
			isa = PBXGroup;
			children = (
				3270269E284136DE0022807A /* ImageViewExtension.swift */,
				327026A0284137390022807A /* Next.swift */,
			);
			path = Extensions;
			sourceTree = "<group>";
		};
		327026A2284137F40022807A /* MainModule */ = {
			isa = PBXGroup;
			children = (
				327026A3284138010022807A /* Controller */,
				327026A42841380C0022807A /* View */,
				32702695283FE7FB0022807A /* ViewModel */,
			);
			path = MainModule;
			sourceTree = "<group>";
		};
		327026A3284138010022807A /* Controller */ = {
			isa = PBXGroup;
			children = (
				32702683283FD9640022807A /* PryanikyViewController.swift */,
				3210C04028441844004C572F /* PryanikyDetailViewController.swift */,
			);
			path = Controller;
			sourceTree = "<group>";
		};
		327026A42841380C0022807A /* View */ = {
			isa = PBXGroup;
			children = (
				327026A52841382A0022807A /* PryanikyCell.swift */,
			);
			path = View;
			sourceTree = "<group>";
		};
		668B6D753DECCB638552C799 /* Pods */ = {
			isa = PBXGroup;
			children = (
				E6D0CF6CCDE1EE21ACA9C162 /* Pods-PryanikyTest.debug.xcconfig */,
				A20D180448955B8EF96AE620 /* Pods-PryanikyTest.release.xcconfig */,
			);
			path = Pods;
			sourceTree = "<group>";
		};
/* End PBXGroup section */

/* Begin PBXNativeTarget section */
		3270267B283FD9640022807A /* PryanikyTest */ = {
			isa = PBXNativeTarget;
			buildConfigurationList = 32702690283FD9660022807A /* Build configuration list for PBXNativeTarget "PryanikyTest" */;
			buildPhases = (
				A5B74DE11C608A06FAA2D365 /* [CP] Check Pods Manifest.lock */,
				32702678283FD9640022807A /* Sources */,
				32702679283FD9640022807A /* Frameworks */,
				3270267A283FD9640022807A /* Resources */,
				84B9BC9E1C40BC7AE297DF8D /* [CP] Embed Pods Frameworks */,
			);
			buildRules = (
			);
			dependencies = (
			);
			name = PryanikyTest;
			productName = PryanikyTest;
			productReference = 3270267C283FD9640022807A /* PryanikyTest.app */;
			productType = "com.apple.product-type.application";
		};
/* End PBXNativeTarget section */

/* Begin PBXProject section */
		32702674283FD9640022807A /* Project object */ = {
			isa = PBXProject;
			attributes = {
				BuildIndependentTargetsInParallel = 1;
				LastSwiftUpdateCheck = 1340;
				LastUpgradeCheck = 1340;
				TargetAttributes = {
					3270267B283FD9640022807A = {
						CreatedOnToolsVersion = 13.4;
					};
				};
			};
			buildConfigurationList = 32702677283FD9640022807A /* Build configuration list for PBXProject "PryanikyTest" */;
			compatibilityVersion = "Xcode 13.0";
			developmentRegion = en;
			hasScannedForEncodings = 0;
			knownRegions = (
				en,
				Base,
			);
			mainGroup = 32702673283FD9640022807A;
			productRefGroup = 3270267D283FD9640022807A /* Products */;
			projectDirPath = "";
			projectRoot = "";
			targets = (
				3270267B283FD9640022807A /* PryanikyTest */,
			);
		};
/* End PBXProject section */

/* Begin PBXResourcesBuildPhase section */
		3270267A283FD9640022807A /* Resources */ = {
			isa = PBXResourcesBuildPhase;
			buildActionMask = 2147483647;
			files = (
				3270268C283FD9660022807A /* LaunchScreen.storyboard in Resources */,
				32702689283FD9660022807A /* Assets.xcassets in Resources */,
			);
			runOnlyForDeploymentPostprocessing = 0;
		};
/* End PBXResourcesBuildPhase section */

/* Begin PBXShellScriptBuildPhase section */
		84B9BC9E1C40BC7AE297DF8D /* [CP] Embed Pods Frameworks */ = {
			isa = PBXShellScriptBuildPhase;
			buildActionMask = 2147483647;
			files = (
			);
			inputFileListPaths = (
				"${PODS_ROOT}/Target Support Files/Pods-PryanikyTest/Pods-PryanikyTest-frameworks-${CONFIGURATION}-input-files.xcfilelist",
			);
			name = "[CP] Embed Pods Frameworks";
			outputFileListPaths = (
				"${PODS_ROOT}/Target Support Files/Pods-PryanikyTest/Pods-PryanikyTest-frameworks-${CONFIGURATION}-output-files.xcfilelist",
			);
			runOnlyForDeploymentPostprocessing = 0;
			shellPath = /bin/sh;
			shellScript = "\"${PODS_ROOT}/Target Support Files/Pods-PryanikyTest/Pods-PryanikyTest-frameworks.sh\"\n";
			showEnvVarsInLog = 0;
		};
		A5B74DE11C608A06FAA2D365 /* [CP] Check Pods Manifest.lock */ = {
			isa = PBXShellScriptBuildPhase;
			buildActionMask = 2147483647;
			files = (
			);
			inputFileListPaths = (
			);
			inputPaths = (
				"${PODS_PODFILE_DIR_PATH}/Podfile.lock",
				"${PODS_ROOT}/Manifest.lock",
			);
			name = "[CP] Check Pods Manifest.lock";
			outputFileListPaths = (
			);
			outputPaths = (
				"$(DERIVED_FILE_DIR)/Pods-PryanikyTest-checkManifestLockResult.txt",
			);
			runOnlyForDeploymentPostprocessing = 0;
			shellPath = /bin/sh;
			shellScript = "diff \"${PODS_PODFILE_DIR_PATH}/Podfile.lock\" \"${PODS_ROOT}/Manifest.lock\" > /dev/null\nif [ $? != 0 ] ; then\n    # print error to STDERR\n    echo \"error: The sandbox is not in sync with the Podfile.lock. Run 'pod install' or update your CocoaPods installation.\" >&2\n    exit 1\nfi\n# This output is used by Xcode 'outputs' to avoid re-running this script phase.\necho \"SUCCESS\" > \"${SCRIPT_OUTPUT_FILE_0}\"\n";
			showEnvVarsInLog = 0;
		};
/* End PBXShellScriptBuildPhase section */

/* Begin PBXSourcesBuildPhase section */
		32702678283FD9640022807A /* Sources */ = {
			isa = PBXSourcesBuildPhase;
			buildActionMask = 2147483647;
			files = (
				32702684283FD9640022807A /* PryanikyViewController.swift in Sources */,
				3270269F284136DE0022807A /* ImageViewExtension.swift in Sources */,
				327026A62841382A0022807A /* PryanikyCell.swift in Sources */,
				32702697283FE8170022807A /* PryanikyViewModel.swift in Sources */,
				3210C04128441844004C572F /* PryanikyDetailViewController.swift in Sources */,
				3270269A28411C8A0022807A /* NetworkManager.swift in Sources */,
				327026A1284137390022807A /* Next.swift in Sources */,
				3270269C28411CCC0022807A /* PryanikyModel.swift in Sources */,
				32702680283FD9640022807A /* AppDelegate.swift in Sources */,
				32702682283FD9640022807A /* SceneDelegate.swift in Sources */,
			);
			runOnlyForDeploymentPostprocessing = 0;
		};
/* End PBXSourcesBuildPhase section */

/* Begin PBXVariantGroup section */
		3270268A283FD9660022807A /* LaunchScreen.storyboard */ = {
			isa = PBXVariantGroup;
			children = (
				3270268B283FD9660022807A /* Base */,
			);
			name = LaunchScreen.storyboard;
			sourceTree = "<group>";
		};
/* End PBXVariantGroup section */

/* Begin XCBuildConfiguration section */
		3270268E283FD9660022807A /* Debug */ = {
			isa = XCBuildConfiguration;
			buildSettings = {
				ALWAYS_SEARCH_USER_PATHS = NO;
				CLANG_ANALYZER_NONNULL = YES;
				CLANG_ANALYZER_NUMBER_OBJECT_CONVERSION = YES_AGGRESSIVE;
				CLANG_CXX_LANGUAGE_STANDARD = "gnu++17";
				CLANG_ENABLE_MODULES = YES;
				CLANG_ENABLE_OBJC_ARC = YES;
				CLANG_ENABLE_OBJC_WEAK = YES;
				CLANG_WARN_BLOCK_CAPTURE_AUTORELEASING = YES;
				CLANG_WARN_BOOL_CONVERSION = YES;
				CLANG_WARN_COMMA = YES;
				CLANG_WARN_CONSTANT_CONVERSION = YES;
				CLANG_WARN_DEPRECATED_OBJC_IMPLEMENTATIONS = YES;
				CLANG_WARN_DIRECT_OBJC_ISA_USAGE = YES_ERROR;
				CLANG_WARN_DOCUMENTATION_COMMENTS = YES;
				CLANG_WARN_EMPTY_BODY = YES;
				CLANG_WARN_ENUM_CONVERSION = YES;
				CLANG_WARN_INFINITE_RECURSION = YES;
				CLANG_WARN_INT_CONVERSION = YES;
				CLANG_WARN_NON_LITERAL_NULL_CONVERSION = YES;
				CLANG_WARN_OBJC_IMPLICIT_RETAIN_SELF = YES;
				CLANG_WARN_OBJC_LITERAL_CONVERSION = YES;
				CLANG_WARN_OBJC_ROOT_CLASS = YES_ERROR;
				CLANG_WARN_QUOTED_INCLUDE_IN_FRAMEWORK_HEADER = YES;
				CLANG_WARN_RANGE_LOOP_ANALYSIS = YES;
				CLANG_WARN_STRICT_PROTOTYPES = YES;
				CLANG_WARN_SUSPICIOUS_MOVE = YES;
				CLANG_WARN_UNGUARDED_AVAILABILITY = YES_AGGRESSIVE;
				CLANG_WARN_UNREACHABLE_CODE = YES;
				CLANG_WARN__DUPLICATE_METHOD_MATCH = YES;
				COPY_PHASE_STRIP = NO;
				DEBUG_INFORMATION_FORMAT = dwarf;
				ENABLE_STRICT_OBJC_MSGSEND = YES;
				ENABLE_TESTABILITY = YES;
				GCC_C_LANGUAGE_STANDARD = gnu11;
				GCC_DYNAMIC_NO_PIC = NO;
				GCC_NO_COMMON_BLOCKS = YES;
				GCC_OPTIMIZATION_LEVEL = 0;
				GCC_PREPROCESSOR_DEFINITIONS = (
					"DEBUG=1",
					"$(inherited)",
				);
				GCC_WARN_64_TO_32_BIT_CONVERSION = YES;
				GCC_WARN_ABOUT_RETURN_TYPE = YES_ERROR;
				GCC_WARN_UNDECLARED_SELECTOR = YES;
				GCC_WARN_UNINITIALIZED_AUTOS = YES_AGGRESSIVE;
				GCC_WARN_UNUSED_FUNCTION = YES;
				GCC_WARN_UNUSED_VARIABLE = YES;
				IPHONEOS_DEPLOYMENT_TARGET = 15.5;
				MTL_ENABLE_DEBUG_INFO = INCLUDE_SOURCE;
				MTL_FAST_MATH = YES;
				ONLY_ACTIVE_ARCH = YES;
				SDKROOT = iphoneos;
				SWIFT_ACTIVE_COMPILATION_CONDITIONS = DEBUG;
				SWIFT_OPTIMIZATION_LEVEL = "-Onone";
			};
			name = Debug;
		};
		3270268F283FD9660022807A /* Release */ = {
			isa = XCBuildConfiguration;
			buildSettings = {
				ALWAYS_SEARCH_USER_PATHS = NO;
				CLANG_ANALYZER_NONNULL = YES;
				CLANG_ANALYZER_NUMBER_OBJECT_CONVERSION = YES_AGGRESSIVE;
				CLANG_CXX_LANGUAGE_STANDARD = "gnu++17";
				CLANG_ENABLE_MODULES = YES;
				CLANG_ENABLE_OBJC_ARC = YES;
				CLANG_ENABLE_OBJC_WEAK = YES;
				CLANG_WARN_BLOCK_CAPTURE_AUTORELEASING = YES;
				CLANG_WARN_BOOL_CONVERSION = YES;
				CLANG_WARN_COMMA = YES;
				CLANG_WARN_CONSTANT_CONVERSION = YES;
				CLANG_WARN_DEPRECATED_OBJC_IMPLEMENTATIONS = YES;
				CLANG_WARN_DIRECT_OBJC_ISA_USAGE = YES_ERROR;
				CLANG_WARN_DOCUMENTATION_COMMENTS = YES;
				CLANG_WARN_EMPTY_BODY = YES;
				CLANG_WARN_ENUM_CONVERSION = YES;
				CLANG_WARN_INFINITE_RECURSION = YES;
				CLANG_WARN_INT_CONVERSION = YES;
				CLANG_WARN_NON_LITERAL_NULL_CONVERSION = YES;
				CLANG_WARN_OBJC_IMPLICIT_RETAIN_SELF = YES;
				CLANG_WARN_OBJC_LITERAL_CONVERSION = YES;
				CLANG_WARN_OBJC_ROOT_CLASS = YES_ERROR;
				CLANG_WARN_QUOTED_INCLUDE_IN_FRAMEWORK_HEADER = YES;
				CLANG_WARN_RANGE_LOOP_ANALYSIS = YES;
				CLANG_WARN_STRICT_PROTOTYPES = YES;
				CLANG_WARN_SUSPICIOUS_MOVE = YES;
				CLANG_WARN_UNGUARDED_AVAILABILITY = YES_AGGRESSIVE;
				CLANG_WARN_UNREACHABLE_CODE = YES;
				CLANG_WARN__DUPLICATE_METHOD_MATCH = YES;
				COPY_PHASE_STRIP = NO;
				DEBUG_INFORMATION_FORMAT = "dwarf-with-dsym";
				ENABLE_NS_ASSERTIONS = NO;
				ENABLE_STRICT_OBJC_MSGSEND = YES;
				GCC_C_LANGUAGE_STANDARD = gnu11;
				GCC_NO_COMMON_BLOCKS = YES;
				GCC_WARN_64_TO_32_BIT_CONVERSION = YES;
				GCC_WARN_ABOUT_RETURN_TYPE = YES_ERROR;
				GCC_WARN_UNDECLARED_SELECTOR = YES;
				GCC_WARN_UNINITIALIZED_AUTOS = YES_AGGRESSIVE;
				GCC_WARN_UNUSED_FUNCTION = YES;
				GCC_WARN_UNUSED_VARIABLE = YES;
				IPHONEOS_DEPLOYMENT_TARGET = 15.5;
				MTL_ENABLE_DEBUG_INFO = NO;
				MTL_FAST_MATH = YES;
				SDKROOT = iphoneos;
				SWIFT_COMPILATION_MODE = wholemodule;
				SWIFT_OPTIMIZATION_LEVEL = "-O";
				VALIDATE_PRODUCT = YES;
			};
			name = Release;
		};
		32702691283FD9660022807A /* Debug */ = {
			isa = XCBuildConfiguration;
			baseConfigurationReference = E6D0CF6CCDE1EE21ACA9C162 /* Pods-PryanikyTest.debug.xcconfig */;
			buildSettings = {
				ASSETCATALOG_COMPILER_APPICON_NAME = AppIcon;
				ASSETCATALOG_COMPILER_GLOBAL_ACCENT_COLOR_NAME = AccentColor;
				CODE_SIGN_STYLE = Automatic;
				CURRENT_PROJECT_VERSION = 1;
				DEVELOPMENT_TEAM = 35Z5R84P59;
				GENERATE_INFOPLIST_FILE = YES;
				INFOPLIST_FILE = PryanikyTest/Resources/Info.plist;
				INFOPLIST_KEY_UIApplicationSupportsIndirectInputEvents = YES;
				INFOPLIST_KEY_UILaunchStoryboardName = LaunchScreen;
				INFOPLIST_KEY_UISupportedInterfaceOrientations_iPad = "UIInterfaceOrientationPortrait UIInterfaceOrientationPortraitUpsideDown UIInterfaceOrientationLandscapeLeft UIInterfaceOrientationLandscapeRight";
				INFOPLIST_KEY_UISupportedInterfaceOrientations_iPhone = "UIInterfaceOrientationPortrait UIInterfaceOrientationLandscapeLeft UIInterfaceOrientationLandscapeRight";
				LD_RUNPATH_SEARCH_PATHS = (
					"$(inherited)",
					"@executable_path/Frameworks",
				);
				MARKETING_VERSION = 1.0;
				PRODUCT_BUNDLE_IDENTIFIER = com.anmlobanov.PryanikyTest;
				PRODUCT_NAME = "$(TARGET_NAME)";
				SWIFT_EMIT_LOC_STRINGS = YES;
				SWIFT_VERSION = 5.0;
				TARGETED_DEVICE_FAMILY = "1,2";
			};
			name = Debug;
		};
		32702692283FD9660022807A /* Release */ = {
			isa = XCBuildConfiguration;
			baseConfigurationReference = A20D180448955B8EF96AE620 /* Pods-PryanikyTest.release.xcconfig */;
			buildSettings = {
				ASSETCATALOG_COMPILER_APPICON_NAME = AppIcon;
				ASSETCATALOG_COMPILER_GLOBAL_ACCENT_COLOR_NAME = AccentColor;
				CODE_SIGN_STYLE = Automatic;
				CURRENT_PROJECT_VERSION = 1;
				DEVELOPMENT_TEAM = 35Z5R84P59;
				GENERATE_INFOPLIST_FILE = YES;
				INFOPLIST_FILE = PryanikyTest/Resources/Info.plist;
				INFOPLIST_KEY_UIApplicationSupportsIndirectInputEvents = YES;
				INFOPLIST_KEY_UILaunchStoryboardName = LaunchScreen;
				INFOPLIST_KEY_UISupportedInterfaceOrientations_iPad = "UIInterfaceOrientationPortrait UIInterfaceOrientationPortraitUpsideDown UIInterfaceOrientationLandscapeLeft UIInterfaceOrientationLandscapeRight";
				INFOPLIST_KEY_UISupportedInterfaceOrientations_iPhone = "UIInterfaceOrientationPortrait UIInterfaceOrientationLandscapeLeft UIInterfaceOrientationLandscapeRight";
				LD_RUNPATH_SEARCH_PATHS = (
					"$(inherited)",
					"@executable_path/Frameworks",
				);
				MARKETING_VERSION = 1.0;
				PRODUCT_BUNDLE_IDENTIFIER = com.anmlobanov.PryanikyTest;
				PRODUCT_NAME = "$(TARGET_NAME)";
				SWIFT_EMIT_LOC_STRINGS = YES;
				SWIFT_VERSION = 5.0;
				TARGETED_DEVICE_FAMILY = "1,2";
			};
			name = Release;
		};
/* End XCBuildConfiguration section */

/* Begin XCConfigurationList section */
		32702677283FD9640022807A /* Build configuration list for PBXProject "PryanikyTest" */ = {
			isa = XCConfigurationList;
			buildConfigurations = (
				3270268E283FD9660022807A /* Debug */,
				3270268F283FD9660022807A /* Release */,
			);
			defaultConfigurationIsVisible = 0;
			defaultConfigurationName = Release;
		};
		32702690283FD9660022807A /* Build configuration list for PBXNativeTarget "PryanikyTest" */ = {
			isa = XCConfigurationList;
			buildConfigurations = (
				32702691283FD9660022807A /* Debug */,
				32702692283FD9660022807A /* Release */,
			);
			defaultConfigurationIsVisible = 0;
			defaultConfigurationName = Release;
		};
/* End XCConfigurationList section */
	};
	rootObject = 32702674283FD9640022807A /* Project object */;
}
